schema: '2.0'
stages:
  download:
    cmd: pyrorisks download
    deps:
    - path: pyro_risks/pipeline/load.py
      md5: d0d749f7b2c050296d98f23f93783dac
      size: 2060
    outs:
    - path: .cache/data_registry/merged_era_viirs.csv
      md5: ac964a338a6cdddce2fdd4f1847f173a
      size: 83716501
  train_xgboost:
    cmd: pyrorisks train --model XGBOOST --destination .cache/model_registry
    deps:
    - path: .cache/data_registry/merged_era_viirs.csv
      md5: ac964a338a6cdddce2fdd4f1847f173a
      size: 83716501
    - path: pyro_risks/pipeline/train.py
      md5: 2072ca8311d7bb9105e9210e7cd61b5a
      size: 5224
    outs:
    - path: .cache/model_registry/XGBOOST.joblib
      md5: a5f6213848af99db0d8030c4e7ac4b59
      size: 1817148
  train_rf:
    cmd: pyrorisks train --model RF --destination .cache/model_registry
    deps:
    - path: .cache/data_registry/merged_era_viirs.csv
      md5: ac964a338a6cdddce2fdd4f1847f173a
      size: 83716501
    - path: pyro_risks/pipeline/train.py
      md5: 2072ca8311d7bb9105e9210e7cd61b5a
      size: 5224
    outs:
    - path: .cache/model_registry/RF.joblib
      md5: 64a825e6a9ea80345beec0ced6ef4dd4
      size: 11947436
  evaluate:
    cmd: "pyrorisks evaluate --pipeline .cache/model_registry/RF.joblib --threshold\
      \ .cache/model_registry/RF_threshold.json --prefix RF --destination .cache/metadata_registry\
      \ \npyrorisks evaluate --pipeline .cache/model_registry/XGBOOST.joblib --threshold\
      \ .cache/model_registry/XGBOOST_threshold.json --prefix XGBOOST --destination\
      \ .cache/metadata_registry\n"
    deps:
    - path: .cache/model_registry/RF.joblib
      md5: 64a825e6a9ea80345beec0ced6ef4dd4
      size: 11947436
    - path: .cache/model_registry/XGBOOST.joblib
      md5: a5f6213848af99db0d8030c4e7ac4b59
      size: 1817148
    - path: pyro_risks/pipeline/train.py
      md5: 2072ca8311d7bb9105e9210e7cd61b5a
      size: 5224
    outs:
    - path: .cache/metadata_registry/RF_classification_report.json
      md5: 3d925f3a89ab841106ffea60f377c478
      size: 525
    - path: .cache/metadata_registry/XGBOOST_classification_report.json
      md5: 8f8e6ec2eec701529d1158b49795c6d3
      size: 522
